Microsoft Visual Studio Solution File, Format Version 12.00
# Visual Studio 15
VisualStudioVersion = 15.0.26730.12
MinimumVisualStudioVersion = 10.0.40219.1
Project("{E24C65DC-7377-472B-9ABA-BC803B73C61A}") = "web", "web\", "{06BAB0C7-0303-4119-8ECA-7B8A10BFB699}"
	ProjectSection(WebsiteProperties) = preProject
		TargetFrameworkMoniker = ".NETFramework,Version%3Dv4.6.1"
		ProjectReferences = "{43024ea4-592b-4154-8e7b-af6a30cda6ae}|snb.services.dll;"
		Debug.AspNetCompiler.VirtualPath = "/localhost_8930"
		Debug.AspNetCompiler.PhysicalPath = "web\"
		Debug.AspNetCompiler.TargetPath = "PrecompiledWeb\localhost_8930\"
		Debug.AspNetCompiler.Updateable = "true"
		Debug.AspNetCompiler.ForceOverwrite = "true"
		Debug.AspNetCompiler.FixedNames = "false"
		Debug.AspNetCompiler.Debug = "True"
		Release.AspNetCompiler.VirtualPath = "/localhost_8930"
		Release.AspNetCompiler.PhysicalPath = "web\"
		Release.AspNetCompiler.TargetPath = "PrecompiledWeb\localhost_8930\"
		Release.AspNetCompiler.Updateable = "true"
		Release.AspNetCompiler.ForceOverwrite = "true"
		Release.AspNetCompiler.FixedNames = "false"
		Release.AspNetCompiler.Debug = "False"
		VWDPort = "8930"
		SlnRelativePath = "web\"
		StartServerOnDebug = "false"
	EndProjectSection
EndProject
Project("{FAE04EC0-301F-11D3-BF4B-00C04F79EFBC}") = "web.identity.server", "web.identity.server\web.identity.server.csproj", "{8E1C36E8-8143-47B4-8DD2-5EF33D40A6FE}"
EndProject
Project("{FAE04EC0-301F-11D3-BF4B-00C04F79EFBC}") = "snb.services", "sources\snb.services\snb.services.csproj", "{43024EA4-592B-4154-8E7B-AF6A30CDA6AE}"
EndProject
Project("{00D1A9C2-B5F0-4AF3-8072-F6C62B433612}") = "snb.read.sql", "sources\snb.read.sql\snb.read.sql.sqlproj", "{FD6782D5-ED5C-4F16-BA61-2821C1BE120E}"
EndProject
Project("{FAE04EC0-301F-11D3-BF4B-00C04F79EFBC}") = "sap.fi.posting", "sources\sap.fi.posting\sap.fi.posting.csproj", "{38C40739-BA2B-4DC3-8523-B36B732C311A}"
EndProject
Project("{FAE04EC0-301F-11D3-BF4B-00C04F79EFBC}") = "rts.pickup.ezisend", "sources\rts.pickup.ezisend\rts.pickup.ezisend.csproj", "{8D792818-C5EF-47EC-A185-60ED7E6DE22D}"
EndProject
Project("{FAE04EC0-301F-11D3-BF4B-00C04F79EFBC}") = "snb.register.ezisend", "sources\snb.register.ezisend\snb.register.ezisend.csproj", "{954F1533-1CD9-4D48-973E-12A07EA8A590}"
EndProject
Project("{FAE04EC0-301F-11D3-BF4B-00C04F79EFBC}") = "e.soc.posting", "sources\e.soc.posting\e.soc.posting.csproj", "{700C1B60-A438-4188-BE67-E9BDBF746B7E}"
EndProject
Project("{FAE04EC0-301F-11D3-BF4B-00C04F79EFBC}") = "rts.pickup.knockoff", "sources\rts.pickup.knockoff\rts.pickup.knockoff.csproj", "{AB636062-080A-4F2E-902D-762FC1C4CF54}"
EndProject
Global
	GlobalSection(SolutionConfigurationPlatforms) = preSolution
		Debug|Any CPU = Debug|Any CPU
		Release|Any CPU = Release|Any CPU
	EndGlobalSection
	GlobalSection(ProjectConfigurationPlatforms) = postSolution
		{06BAB0C7-0303-4119-8ECA-7B8A10BFB699}.Debug|Any CPU.ActiveCfg = Debug|Any CPU
		{06BAB0C7-0303-4119-8ECA-7B8A10BFB699}.Debug|Any CPU.Build.0 = Debug|Any CPU
		{06BAB0C7-0303-4119-8ECA-7B8A10BFB699}.Release|Any CPU.ActiveCfg = Debug|Any CPU
		{06BAB0C7-0303-4119-8ECA-7B8A10BFB699}.Release|Any CPU.Build.0 = Debug|Any CPU
		{8E1C36E8-8143-47B4-8DD2-5EF33D40A6FE}.Debug|Any CPU.ActiveCfg = Debug|Any CPU
		{8E1C36E8-8143-47B4-8DD2-5EF33D40A6FE}.Debug|Any CPU.Build.0 = Debug|Any CPU
		{8E1C36E8-8143-47B4-8DD2-5EF33D40A6FE}.Release|Any CPU.ActiveCfg = Release|Any CPU
		{8E1C36E8-8143-47B4-8DD2-5EF33D40A6FE}.Release|Any CPU.Build.0 = Release|Any CPU
		{43024EA4-592B-4154-8E7B-AF6A30CDA6AE}.Debug|Any CPU.ActiveCfg = Debug|Any CPU
		{43024EA4-592B-4154-8E7B-AF6A30CDA6AE}.Debug|Any CPU.Build.0 = Debug|Any CPU
		{43024EA4-592B-4154-8E7B-AF6A30CDA6AE}.Release|Any CPU.ActiveCfg = Release|Any CPU
		{43024EA4-592B-4154-8E7B-AF6A30CDA6AE}.Release|Any CPU.Build.0 = Release|Any CPU
		{FD6782D5-ED5C-4F16-BA61-2821C1BE120E}.Debug|Any CPU.ActiveCfg = Debug|Any CPU
		{FD6782D5-ED5C-4F16-BA61-2821C1BE120E}.Debug|Any CPU.Build.0 = Debug|Any CPU
		{FD6782D5-ED5C-4F16-BA61-2821C1BE120E}.Debug|Any CPU.Deploy.0 = Debug|Any CPU
		{FD6782D5-ED5C-4F16-BA61-2821C1BE120E}.Release|Any CPU.ActiveCfg = Release|Any CPU
		{FD6782D5-ED5C-4F16-BA61-2821C1BE120E}.Release|Any CPU.Build.0 = Release|Any CPU
		{FD6782D5-ED5C-4F16-BA61-2821C1BE120E}.Release|Any CPU.Deploy.0 = Release|Any CPU
		{38C40739-BA2B-4DC3-8523-B36B732C311A}.Debug|Any CPU.ActiveCfg = Debug|Any CPU
		{38C40739-BA2B-4DC3-8523-B36B732C311A}.Debug|Any CPU.Build.0 = Debug|Any CPU
		{38C40739-BA2B-4DC3-8523-B36B732C311A}.Release|Any CPU.ActiveCfg = Release|Any CPU
		{38C40739-BA2B-4DC3-8523-B36B732C311A}.Release|Any CPU.Build.0 = Release|Any CPU
		{8D792818-C5EF-47EC-A185-60ED7E6DE22D}.Debug|Any CPU.ActiveCfg = Debug|Any CPU
		{8D792818-C5EF-47EC-A185-60ED7E6DE22D}.Debug|Any CPU.Build.0 = Debug|Any CPU
		{8D792818-C5EF-47EC-A185-60ED7E6DE22D}.Release|Any CPU.ActiveCfg = Release|Any CPU
		{8D792818-C5EF-47EC-A185-60ED7E6DE22D}.Release|Any CPU.Build.0 = Release|Any CPU
		{954F1533-1CD9-4D48-973E-12A07EA8A590}.Debug|Any CPU.ActiveCfg = Debug|Any CPU
		{954F1533-1CD9-4D48-973E-12A07EA8A590}.Debug|Any CPU.Build.0 = Debug|Any CPU
		{954F1533-1CD9-4D48-973E-12A07EA8A590}.Release|Any CPU.ActiveCfg = Release|Any CPU
		{954F1533-1CD9-4D48-973E-12A07EA8A590}.Release|Any CPU.Build.0 = Release|Any CPU
		{700C1B60-A438-4188-BE67-E9BDBF746B7E}.Debug|Any CPU.ActiveCfg = Debug|Any CPU
		{700C1B60-A438-4188-BE67-E9BDBF746B7E}.Debug|Any CPU.Build.0 = Debug|Any CPU
		{700C1B60-A438-4188-BE67-E9BDBF746B7E}.Release|Any CPU.ActiveCfg = Release|Any CPU
		{700C1B60-A438-4188-BE67-E9BDBF746B7E}.Release|Any CPU.Build.0 = Release|Any CPU
		{AB636062-080A-4F2E-902D-762FC1C4CF54}.Debug|Any CPU.ActiveCfg = Debug|Any CPU
		{AB636062-080A-4F2E-902D-762FC1C4CF54}.Debug|Any CPU.Build.0 = Debug|Any CPU
		{AB636062-080A-4F2E-902D-762FC1C4CF54}.Release|Any CPU.ActiveCfg = Release|Any CPU
		{AB636062-080A-4F2E-902D-762FC1C4CF54}.Release|Any CPU.Build.0 = Release|Any CPU
	EndGlobalSection
	GlobalSection(SolutionProperties) = preSolution
		HideSolutionNode = FALSE
	EndGlobalSection
	GlobalSection(ExtensibilityGlobals) = postSolution
		SolutionGuid = {57DD104A-7DEC-4125-BC28-C2294A3EA45B}
	EndGlobalSection
EndGlobal
